<?xml version="1.0" encoding="utf-8"?>
<Project ToolsVersion="17.0" xmlns="http://schemas.microsoft.com/developer/msbuild/2003">
  <ItemGroup>
    <ClCompile Include="C:\Users\ASUS\Desktop\APPS\ML\bitproject\windows\flutter\ephemeral\.plugin_symlinks\tflite_flutter_helper\windows\tflite_flutter_helper_plugin.cpp">
      <Filter>Source Files</Filter>
    </ClCompile>
  </ItemGroup>
  <ItemGroup>
    <CustomBuild Include="C:\Users\ASUS\Desktop\APPS\ML\bitproject\windows\flutter\ephemeral\.plugin_symlinks\tflite_flutter_helper\windows\CMakeLists.txt" />
  </ItemGroup>
  <ItemGroup>
    <Filter Include="Source Files">
      <UniqueIdentifier>{2510D2A7-0E06-30CB-B691-52DE5512D2E3}</UniqueIdentifier>
    </Filter>
  </ItemGroup>
</Project>
